{
  "name": "telegram-bot-basic",
  "version": "1.0.0",
  "lockfileVersion": 3,
  "requires": true,
  "packages": {
    "": {
      "name": "telegram-bot-basic",
      "version": "1.0.0",
      "license": "MIT",
      "dependencies": {
        "dotenv": "^16.6.1",
        "openai": "^4.104.0",
        "telegraf": "^4.16.3"
      }
    },
    "node_modules/dotenv": {
      "version": "16.6.1",
      "resolved": "https://registry.npmjs.org/dotenv/-/dotenv-16.6.1.tgz",
      "integrity": "sha512-uBq4egWHTcTt33a72vpSG0z3HnPuIl6NqYcTrKEg2azoEyl2hpW0zqlxysq2pK9HlDIHyHyakeYaYnSAwd8bow==",
      "license": "BSD-2-Clause",
      "engines": {
        "node": ">=12"
      }
    },
    "node_modules/openai": {
      "version": "4.104.0",
      "resolved": "https://registry.npmjs.org/openai/-/openai-4.104.0.tgz",
      "integrity": "sha512-p99EFNsA/yX6UhVO93f5kJsDRLAg+CTA2RBqdHK4RtK8u5IJw32Hyb2dTGKbnnFmnuoBv5r7Z2CURI9sGZpSuA==",
      "license": "Apache-2.0",
      "dependencies": {
        "node-fetch": "^2.6.7",
        "abort-controller": "^3.0.0",
        "agentkeepalive": "^4.2.1",
        "form-data-encoder": "1.7.2",
        "formdata-node": "^4.3.2"
      }
    },
    "node_modules/telegraf": {
      "version": "4.16.3",
      "resolved": "https://registry.npmjs.org/telegraf/-/telegraf-4.16.3.tgz",
      "integrity": "sha512-yjEu2NwkHlXu0OARWoNhJlIjX09dRktiMQFsM678BAH/PEPVwctzL67+tvXqLCRQQvm3SDtki2saGO9hLlz68w==",
      "license": "MIT",
      "dependencies": {
        "@telegraf/types": "^7.1.0",
        "abort-controller": "^3.0.0",
        "debug": "^4.3.4",
        "mri": "^1.2.0",
        "node-fetch": "^2.7.0",
        "p-timeout": "^4.1.0",
        "safe-compare": "^1.1.4",
        "sandwich-stream": "^2.0.2"
      }
    }
  }
}
